// !$*UTF8*$!
{
	archiveVersion = 1;
	classes = {
	};
	objectVersion = 46;
	objects = {

/* Begin PBXBuildFile section */
		664F21B01CCD27DB008C9A31 /* opencv2.framework in Frameworks */ = {isa = PBXBuildFile; fileRef = 664F21AF1CCD27DB008C9A31 /* opencv2.framework */; };
		66B008C41C9C479A007C407B /* UIImage+OpenCV.mm in Sources */ = {isa = PBXBuildFile; fileRef = 66B008C21C9C479A007C407B /* UIImage+OpenCV.mm */; };
		66C68CA01C0DDC390048D6A0 /* main.m in Sources */ = {isa = PBXBuildFile; fileRef = 66C68C9F1C0DDC390048D6A0 /* main.m */; };
		66C68CA31C0DDC390048D6A0 /* AppDelegate.mm in Sources */ = {isa = PBXBuildFile; fileRef = 66C68CA21C0DDC390048D6A0 /* AppDelegate.mm */; };
		66C68CA61C0DDC390048D6A0 /* ViewController.mm in Sources */ = {isa = PBXBuildFile; fileRef = 66C68CA51C0DDC390048D6A0 /* ViewController.mm */; };
		66C68CA91C0DDC390048D6A0 /* Main.storyboard in Resources */ = {isa = PBXBuildFile; fileRef = 66C68CA71C0DDC390048D6A0 /* Main.storyboard */; };
		66C68CAB1C0DDC390048D6A0 /* Assets.xcassets in Resources */ = {isa = PBXBuildFile; fileRef = 66C68CAA1C0DDC390048D6A0 /* Assets.xcassets */; };
		66C68CAE1C0DDC390048D6A0 /* LaunchScreen.storyboard in Resources */ = {isa = PBXBuildFile; fileRef = 66C68CAC1C0DDC390048D6A0 /* LaunchScreen.storyboard */; };
		66C68CB91C0DDC390048D6A0 /* GaussianMixtureModelsTests.m in Sources */ = {isa = PBXBuildFile; fileRef = 66C68CB81C0DDC390048D6A0 /* GaussianMixtureModelsTests.m */; };
		66C68CC41C0DDC390048D6A0 /* GaussianMixtureModelsUITests.m in Sources */ = {isa = PBXBuildFile; fileRef = 66C68CC31C0DDC390048D6A0 /* GaussianMixtureModelsUITests.m */; };
		66C68CD91C0DDD130048D6A0 /* GMMImageProcessingModule.mm in Sources */ = {isa = PBXBuildFile; fileRef = 66C68CD81C0DDD130048D6A0 /* GMMImageProcessingModule.mm */; };
		66C68CDF1C0DE2F40048D6A0 /* Accelerate.framework in Frameworks */ = {isa = PBXBuildFile; fileRef = 66C68CDA1C0DE2F40048D6A0 /* Accelerate.framework */; };
		66C68CE01C0DE2F40048D6A0 /* AssetsLibrary.framework in Frameworks */ = {isa = PBXBuildFile; fileRef = 66C68CDB1C0DE2F40048D6A0 /* AssetsLibrary.framework */; };
		66C68CE11C0DE2F40048D6A0 /* AVFoundation.framework in Frameworks */ = {isa = PBXBuildFile; fileRef = 66C68CDC1C0DE2F40048D6A0 /* AVFoundation.framework */; };
		66C68CE21C0DE2F40048D6A0 /* CoreImage.framework in Frameworks */ = {isa = PBXBuildFile; fileRef = 66C68CDD1C0DE2F40048D6A0 /* CoreImage.framework */; };
		66C68CE31C0DE2F40048D6A0 /* CoreMedia.framework in Frameworks */ = {isa = PBXBuildFile; fileRef = 66C68CDE1C0DE2F40048D6A0 /* CoreMedia.framework */; };
/* End PBXBuildFile section */

/* Begin PBXContainerItemProxy section */
		66C68CB51C0DDC390048D6A0 /* PBXContainerItemProxy */ = {
			isa = PBXContainerItemProxy;
			containerPortal = 66C68C931C0DDC390048D6A0 /* Project object */;
			proxyType = 1;
			remoteGlobalIDString = 66C68C9A1C0DDC390048D6A0;
			remoteInfo = GaussianMixtureModels;
		};
		66C68CC01C0DDC390048D6A0 /* PBXContainerItemProxy */ = {
			isa = PBXContainerItemProxy;
			containerPortal = 66C68C931C0DDC390048D6A0 /* Project object */;
			proxyType = 1;
			remoteGlobalIDString = 66C68C9A1C0DDC390048D6A0;
			remoteInfo = GaussianMixtureModels;
		};
/* End PBXContainerItemProxy section */

/* Begin PBXFileReference section */
		664F21AF1CCD27DB008C9A31 /* opencv2.framework */ = {isa = PBXFileReference; lastKnownFileType = wrapper.framework; name = opencv2.framework; path = ../../opencv2.framework; sourceTree = "<group>"; };
		66B008C11C9C479A007C407B /* UIImage+OpenCV.h */ = {isa = PBXFileReference; fileEncoding = 4; lastKnownFileType = sourcecode.c.h; path = "UIImage+OpenCV.h"; sourceTree = "<group>"; };
		66B008C21C9C479A007C407B /* UIImage+OpenCV.mm */ = {isa = PBXFileReference; fileEncoding = 4; lastKnownFileType = sourcecode.cpp.objcpp; path = "UIImage+OpenCV.mm"; sourceTree = "<group>"; };
		66C68C9B1C0DDC390048D6A0 /* GaussianMixtureModels.app */ = {isa = PBXFileReference; explicitFileType = wrapper.application; includeInIndex = 0; path = GaussianMixtureModels.app; sourceTree = BUILT_PRODUCTS_DIR; };
		66C68C9F1C0DDC390048D6A0 /* main.m */ = {isa = PBXFileReference; lastKnownFileType = sourcecode.c.objc; path = main.m; sourceTree = "<group>"; };
		66C68CA11C0DDC390048D6A0 /* AppDelegate.h */ = {isa = PBXFileReference; lastKnownFileType = sourcecode.c.h; path = AppDelegate.h; sourceTree = "<group>"; };
		66C68CA21C0DDC390048D6A0 /* AppDelegate.mm */ = {isa = PBXFileReference; lastKnownFileType = sourcecode.cpp.objcpp; path = AppDelegate.mm; sourceTree = "<group>"; };
		66C68CA41C0DDC390048D6A0 /* ViewController.h */ = {isa = PBXFileReference; lastKnownFileType = sourcecode.c.h; path = ViewController.h; sourceTree = "<group>"; };
		66C68CA51C0DDC390048D6A0 /* ViewController.mm */ = {isa = PBXFileReference; lastKnownFileType = sourcecode.cpp.objcpp; path = ViewController.mm; sourceTree = "<group>"; };
		66C68CA81C0DDC390048D6A0 /* Base */ = {isa = PBXFileReference; lastKnownFileType = file.storyboard; name = Base; path = Base.lproj/Main.storyboard; sourceTree = "<group>"; };
		66C68CAA1C0DDC390048D6A0 /* Assets.xcassets */ = {isa = PBXFileReference; lastKnownFileType = folder.assetcatalog; path = Assets.xcassets; sourceTree = "<group>"; };
		66C68CAD1C0DDC390048D6A0 /* Base */ = {isa = PBXFileReference; lastKnownFileType = file.storyboard; name = Base; path = Base.lproj/LaunchScreen.storyboard; sourceTree = "<group>"; };
		66C68CAF1C0DDC390048D6A0 /* Info.plist */ = {isa = PBXFileReference; lastKnownFileType = text.plist.xml; path = Info.plist; sourceTree = "<group>"; };
		66C68CB41C0DDC390048D6A0 /* GaussianMixtureModelsTests.xctest */ = {isa = PBXFileReference; explicitFileType = wrapper.cfbundle; includeInIndex = 0; path = GaussianMixtureModelsTests.xctest; sourceTree = BUILT_PRODUCTS_DIR; };
		66C68CB81C0DDC390048D6A0 /* GaussianMixtureModelsTests.m */ = {isa = PBXFileReference; lastKnownFileType = sourcecode.c.objc; path = GaussianMixtureModelsTests.m; sourceTree = "<group>"; };
		66C68CBA1C0DDC390048D6A0 /* Info.plist */ = {isa = PBXFileReference; lastKnownFileType = text.plist.xml; path = Info.plist; sourceTree = "<group>"; };
		66C68CBF1C0DDC390048D6A0 /* GaussianMixtureModelsUITests.xctest */ = {isa = PBXFileReference; explicitFileType = wrapper.cfbundle; includeInIndex = 0; path = GaussianMixtureModelsUITests.xctest; sourceTree = BUILT_PRODUCTS_DIR; };
		66C68CC31C0DDC390048D6A0 /* GaussianMixtureModelsUITests.m */ = {isa = PBXFileReference; lastKnownFileType = sourcecode.c.objc; path = GaussianMixtureModelsUITests.m; sourceTree = "<group>"; };
		66C68CC51C0DDC390048D6A0 /* Info.plist */ = {isa = PBXFileReference; lastKnownFileType = text.plist.xml; path = Info.plist; sourceTree = "<group>"; };
		66C68CD61C0DDCC10048D6A0 /* PrefixHeader.h */ = {isa = PBXFileReference; lastKnownFileType = sourcecode.c.h; path = PrefixHeader.h; sourceTree = "<group>"; };
		66C68CD71C0DDD130048D6A0 /* GMMImageProcessingModule.h */ = {isa = PBXFileReference; fileEncoding = 4; lastKnownFileType = sourcecode.c.h; path = GMMImageProcessingModule.h; sourceTree = "<group>"; };
		66C68CD81C0DDD130048D6A0 /* GMMImageProcessingModule.mm */ = {isa = PBXFileReference; fileEncoding = 4; lastKnownFileType = sourcecode.cpp.objcpp; path = GMMImageProcessingModule.mm; sourceTree = "<group>"; };
		66C68CDA1C0DE2F40048D6A0 /* Accelerate.framework */ = {isa = PBXFileReference; lastKnownFileType = wrapper.framework; name = Accelerate.framework; path = System/Library/Frameworks/Accelerate.framework; sourceTree = SDKROOT; };
		66C68CDB1C0DE2F40048D6A0 /* AssetsLibrary.framework */ = {isa = PBXFileReference; lastKnownFileType = wrapper.framework; name = AssetsLibrary.framework; path = System/Library/Frameworks/AssetsLibrary.framework; sourceTree = SDKROOT; };
		66C68CDC1C0DE2F40048D6A0 /* AVFoundation.framework */ = {isa = PBXFileReference; lastKnownFileType = wrapper.framework; name = AVFoundation.framework; path = System/Library/Frameworks/AVFoundation.framework; sourceTree = SDKROOT; };
		66C68CDD1C0DE2F40048D6A0 /* CoreImage.framework */ = {isa = PBXFileReference; lastKnownFileType = wrapper.framework; name = CoreImage.framework; path = System/Library/Frameworks/CoreImage.framework; sourceTree = SDKROOT; };
		66C68CDE1C0DE2F40048D6A0 /* CoreMedia.framework */ = {isa = PBXFileReference; lastKnownFileType = wrapper.framework; name = CoreMedia.framework; path = System/Library/Frameworks/CoreMedia.framework; sourceTree = SDKROOT; };
/* End PBXFileReference section */

/* Begin PBXFrameworksBuildPhase section */
		66C68C981C0DDC390048D6A0 /* Frameworks */ = {
			isa = PBXFrameworksBuildPhase;
			buildActionMask = 2147483647;
			files = (
				664F21B01CCD27DB008C9A31 /* opencv2.framework in Frameworks */,
				66C68CDF1C0DE2F40048D6A0 /* Accelerate.framework in Frameworks */,
				66C68CE01C0DE2F40048D6A0 /* AssetsLibrary.framework in Frameworks */,
				66C68CE11C0DE2F40048D6A0 /* AVFoundation.framework in Frameworks */,
				66C68CE21C0DE2F40048D6A0 /* CoreImage.framework in Frameworks */,
				66C68CE31C0DE2F40048D6A0 /* CoreMedia.framework in Frameworks */,
			);
			runOnlyForDeploymentPostprocessing = 0;
		};
		66C68CB11C0DDC390048D6A0 /* Frameworks */ = {
			isa = PBXFrameworksBuildPhase;
			buildActionMask = 2147483647;
			files = (
			);
			runOnlyForDeploymentPostprocessing = 0;
		};
		66C68CBC1C0DDC390048D6A0 /* Frameworks */ = {
			isa = PBXFrameworksBuildPhase;
			buildActionMask = 2147483647;
			files = (
			);
			runOnlyForDeploymentPostprocessing = 0;
		};
/* End PBXFrameworksBuildPhase section */

/* Begin PBXGroup section */
		66C68C921C0DDC390048D6A0 = {
			isa = PBXGroup;
			children = (
				66C68CDA1C0DE2F40048D6A0 /* Accelerate.framework */,
				66C68CDB1C0DE2F40048D6A0 /* AssetsLibrary.framework */,
				66C68CDC1C0DE2F40048D6A0 /* AVFoundation.framework */,
				66C68CDD1C0DE2F40048D6A0 /* CoreImage.framework */,
				66C68CDE1C0DE2F40048D6A0 /* CoreMedia.framework */,
				66C68C9D1C0DDC390048D6A0 /* GaussianMixtureModels */,
				66C68CB71C0DDC390048D6A0 /* GaussianMixtureModelsTests */,
				66C68CC21C0DDC390048D6A0 /* GaussianMixtureModelsUITests */,
				66C68C9C1C0DDC390048D6A0 /* Products */,
			);
			sourceTree = "<group>";
		};
		66C68C9C1C0DDC390048D6A0 /* Products */ = {
			isa = PBXGroup;
			children = (
				66C68C9B1C0DDC390048D6A0 /* GaussianMixtureModels.app */,
				66C68CB41C0DDC390048D6A0 /* GaussianMixtureModelsTests.xctest */,
				66C68CBF1C0DDC390048D6A0 /* GaussianMixtureModelsUITests.xctest */,
			);
			name = Products;
			sourceTree = "<group>";
		};
		66C68C9D1C0DDC390048D6A0 /* GaussianMixtureModels */ = {
			isa = PBXGroup;
			children = (
				66C68CD61C0DDCC10048D6A0 /* PrefixHeader.h */,
				66C68CA11C0DDC390048D6A0 /* AppDelegate.h */,
				66C68CA21C0DDC390048D6A0 /* AppDelegate.mm */,
				66C68CA41C0DDC390048D6A0 /* ViewController.h */,
				66C68CA51C0DDC390048D6A0 /* ViewController.mm */,
				66C68CD71C0DDD130048D6A0 /* GMMImageProcessingModule.h */,
				66C68CD81C0DDD130048D6A0 /* GMMImageProcessingModule.mm */,
				66B008C11C9C479A007C407B /* UIImage+OpenCV.h */,
				66B008C21C9C479A007C407B /* UIImage+OpenCV.mm */,
				664F21AF1CCD27DB008C9A31 /* opencv2.framework */,
				66C68CA71C0DDC390048D6A0 /* Main.storyboard */,
				66C68CAA1C0DDC390048D6A0 /* Assets.xcassets */,
				66C68CAC1C0DDC390048D6A0 /* LaunchScreen.storyboard */,
				66C68CAF1C0DDC390048D6A0 /* Info.plist */,
				66C68C9E1C0DDC390048D6A0 /* Supporting Files */,
			);
			path = GaussianMixtureModels;
			sourceTree = "<group>";
		};
		66C68C9E1C0DDC390048D6A0 /* Supporting Files */ = {
			isa = PBXGroup;
			children = (
				66C68C9F1C0DDC390048D6A0 /* main.m */,
			);
			name = "Supporting Files";
			sourceTree = "<group>";
		};
		66C68CB71C0DDC390048D6A0 /* GaussianMixtureModelsTests */ = {
			isa = PBXGroup;
			children = (
				66C68CB81C0DDC390048D6A0 /* GaussianMixtureModelsTests.m */,
				66C68CBA1C0DDC390048D6A0 /* Info.plist */,
			);
			path = GaussianMixtureModelsTests;
			sourceTree = "<group>";
		};
		66C68CC21C0DDC390048D6A0 /* GaussianMixtureModelsUITests */ = {
			isa = PBXGroup;
			children = (
				66C68CC31C0DDC390048D6A0 /* GaussianMixtureModelsUITests.m */,
				66C68CC51C0DDC390048D6A0 /* Info.plist */,
			);
			path = GaussianMixtureModelsUITests;
			sourceTree = "<group>";
		};
/* End PBXGroup section */

/* Begin PBXNativeTarget section */
		66C68C9A1C0DDC390048D6A0 /* GaussianMixtureModels */ = {
			isa = PBXNativeTarget;
			buildConfigurationList = 66C68CC81C0DDC390048D6A0 /* Build configuration list for PBXNativeTarget "GaussianMixtureModels" */;
			buildPhases = (
				66C68C971C0DDC390048D6A0 /* Sources */,
				66C68C981C0DDC390048D6A0 /* Frameworks */,
				66C68C991C0DDC390048D6A0 /* Resources */,
			);
			buildRules = (
			);
			dependencies = (
			);
			name = GaussianMixtureModels;
			productName = GaussianMixtureModels;
			productReference = 66C68C9B1C0DDC390048D6A0 /* GaussianMixtureModels.app */;
			productType = "com.apple.product-type.application";
		};
		66C68CB31C0DDC390048D6A0 /* GaussianMixtureModelsTests */ = {
			isa = PBXNativeTarget;
			buildConfigurationList = 66C68CCB1C0DDC390048D6A0 /* Build configuration list for PBXNativeTarget "GaussianMixtureModelsTests" */;
			buildPhases = (
				66C68CB01C0DDC390048D6A0 /* Sources */,
				66C68CB11C0DDC390048D6A0 /* Frameworks */,
				66C68CB21C0DDC390048D6A0 /* Resources */,
			);
			buildRules = (
			);
			dependencies = (
				66C68CB61C0DDC390048D6A0 /* PBXTargetDependency */,
			);
			name = GaussianMixtureModelsTests;
			productName = GaussianMixtureModelsTests;
			productReference = 66C68CB41C0DDC390048D6A0 /* GaussianMixtureModelsTests.xctest */;
			productType = "com.apple.product-type.bundle.unit-test";
		};
		66C68CBE1C0DDC390048D6A0 /* GaussianMixtureModelsUITests */ = {
			isa = PBXNativeTarget;
			buildConfigurationList = 66C68CCE1C0DDC390048D6A0 /* Build configuration list for PBXNativeTarget "GaussianMixtureModelsUITests" */;
			buildPhases = (
				66C68CBB1C0DDC390048D6A0 /* Sources */,
				66C68CBC1C0DDC390048D6A0 /* Frameworks */,
				66C68CBD1C0DDC390048D6A0 /* Resources */,
			);
			buildRules = (
			);
			dependencies = (
				66C68CC11C0DDC390048D6A0 /* PBXTargetDependency */,
			);
			name = GaussianMixtureModelsUITests;
			productName = GaussianMixtureModelsUITests;
			productReference = 66C68CBF1C0DDC390048D6A0 /* GaussianMixtureModelsUITests.xctest */;
			productType = "com.apple.product-type.bundle.ui-testing";
		};
/* End PBXNativeTarget section */

/* Begin PBXProject section */
		66C68C931C0DDC390048D6A0 /* Project object */ = {
			isa = PBXProject;
			attributes = {
				LastUpgradeCheck = 0710;
				ORGANIZATIONNAME = RandomDudes;
				TargetAttributes = {
					66C68C9A1C0DDC390048D6A0 = {
						CreatedOnToolsVersion = 7.1;
						DevelopmentTeam = GGAXD5EY64;
					};
					66C68CB31C0DDC390048D6A0 = {
						CreatedOnToolsVersion = 7.1;
						TestTargetID = 66C68C9A1C0DDC390048D6A0;
					};
					66C68CBE1C0DDC390048D6A0 = {
						CreatedOnToolsVersion = 7.1;
						TestTargetID = 66C68C9A1C0DDC390048D6A0;
					};
				};
			};
			buildConfigurationList = 66C68C961C0DDC390048D6A0 /* Build configuration list for PBXProject "GaussianMixtureModels" */;
			compatibilityVersion = "Xcode 3.2";
			developmentRegion = English;
			hasScannedForEncodings = 0;
			knownRegions = (
				en,
				Base,
			);
			mainGroup = 66C68C921C0DDC390048D6A0;
			productRefGroup = 66C68C9C1C0DDC390048D6A0 /* Products */;
			projectDirPath = "";
			projectRoot = "";
			targets = (
				66C68C9A1C0DDC390048D6A0 /* GaussianMixtureModels */,
				66C68CB31C0DDC390048D6A0 /* GaussianMixtureModelsTests */,
				66C68CBE1C0DDC390048D6A0 /* GaussianMixtureModelsUITests */,
			);
		};
/* End PBXProject section */

/* Begin PBXResourcesBuildPhase section */
		66C68C991C0DDC390048D6A0 /* Resources */ = {
			isa = PBXResourcesBuildPhase;
			buildActionMask = 2147483647;
			files = (
				66C68CAE1C0DDC390048D6A0 /* LaunchScreen.storyboard in Resources */,
				66C68CAB1C0DDC390048D6A0 /* Assets.xcassets in Resources */,
				66C68CA91C0DDC390048D6A0 /* Main.storyboard in Resources */,
			);
			runOnlyForDeploymentPostprocessing = 0;
		};
		66C68CB21C0DDC390048D6A0 /* Resources */ = {
			isa = PBXResourcesBuildPhase;
			buildActionMask = 2147483647;
			files = (
			);
			runOnlyForDeploymentPostprocessing = 0;
		};
		66C68CBD1C0DDC390048D6A0 /* Resources */ = {
			isa = PBXResourcesBuildPhase;
			buildActionMask = 2147483647;
			files = (
			);
			runOnlyForDeploymentPostprocessing = 0;
		};
/* End PBXResourcesBuildPhase section */

/* Begin PBXSourcesBuildPhase section */
		66C68C971C0DDC390048D6A0 /* Sources */ = {
			isa = PBXSourcesBuildPhase;
			buildActionMask = 2147483647;
			files = (
				66C68CA61C0DDC390048D6A0 /* ViewController.mm in Sources */,
				66C68CD91C0DDD130048D6A0 /* GMMImageProcessingModule.mm in Sources */,
				66C68CA31C0DDC390048D6A0 /* AppDelegate.mm in Sources */,
				66C68CA01C0DDC390048D6A0 /* main.m in Sources */,
				66B008C41C9C479A007C407B /* UIImage+OpenCV.mm in Sources */,
			);
			runOnlyForDeploymentPostprocessing = 0;
		};
		66C68CB01C0DDC390048D6A0 /* Sources */ = {
			isa = PBXSourcesBuildPhase;
			buildActionMask = 2147483647;
			files = (
				66C68CB91C0DDC390048D6A0 /* GaussianMixtureModelsTests.m in Sources */,
			);
			runOnlyForDeploymentPostprocessing = 0;
		};
		66C68CBB1C0DDC390048D6A0 /* Sources */ = {
			isa = PBXSourcesBuildPhase;
			buildActionMask = 2147483647;
			files = (
				66C68CC41C0DDC390048D6A0 /* GaussianMixtureModelsUITests.m in Sources */,
			);
			runOnlyForDeploymentPostprocessing = 0;
		};
/* End PBXSourcesBuildPhase section */

/* Begin PBXTargetDependency section */
		66C68CB61C0DDC390048D6A0 /* PBXTargetDependency */ = {
			isa = PBXTargetDependency;
			target = 66C68C9A1C0DDC390048D6A0 /* GaussianMixtureModels */;
			targetProxy = 66C68CB51C0DDC390048D6A0 /* PBXContainerItemProxy */;
		};
		66C68CC11C0DDC390048D6A0 /* PBXTargetDependency */ = {
			isa = PBXTargetDependency;
			target = 66C68C9A1C0DDC390048D6A0 /* GaussianMixtureModels */;
			targetProxy = 66C68CC01C0DDC390048D6A0 /* PBXContainerItemProxy */;
		};
/* End PBXTargetDependency section */

/* Begin PBXVariantGroup section */
		66C68CA71C0DDC390048D6A0 /* Main.storyboard */ = {
			isa = PBXVariantGroup;
			children = (
				66C68CA81C0DDC390048D6A0 /* Base */,
			);
			name = Main.storyboard;
			sourceTree = "<group>";
		};
		66C68CAC1C0DDC390048D6A0 /* LaunchScreen.storyboard */ = {
			isa = PBXVariantGroup;
			children = (
				66C68CAD1C0DDC390048D6A0 /* Base */,
			);
			name = LaunchScreen.storyboard;
			sourceTree = "<group>";
		};
/* End PBXVariantGroup section */

/* Begin XCBuildConfiguration section */
		66C68CC61C0DDC390048D6A0 /* Debug */ = {
			isa = XCBuildConfiguration;
			buildSettings = {
				ALWAYS_SEARCH_USER_PATHS = NO;
				CLANG_CXX_LANGUAGE_STANDARD = "gnu++0x";
				CLANG_CXX_LIBRARY = "libc++";
				CLANG_ENABLE_MODULES = YES;
				CLANG_ENABLE_OBJC_ARC = YES;
				CLANG_WARN_BOOL_CONVERSION = YES;
				CLANG_WARN_CONSTANT_CONVERSION = YES;
				CLANG_WARN_DIRECT_OBJC_ISA_USAGE = YES_ERROR;
				CLANG_WARN_EMPTY_BODY = YES;
				CLANG_WARN_ENUM_CONVERSION = YES;
				CLANG_WARN_INT_CONVERSION = YES;
				CLANG_WARN_OBJC_ROOT_CLASS = YES_ERROR;
				CLANG_WARN_UNREACHABLE_CODE = YES;
				CLANG_WARN__DUPLICATE_METHOD_MATCH = YES;
				"CODE_SIGN_IDENTITY[sdk=iphoneos*]" = "iPhone Developer";
				COPY_PHASE_STRIP = NO;
				DEBUG_INFORMATION_FORMAT = dwarf;
				ENABLE_STRICT_OBJC_MSGSEND = YES;
				ENABLE_TESTABILITY = YES;
				GCC_C_LANGUAGE_STANDARD = gnu99;
				GCC_DYNAMIC_NO_PIC = NO;
				GCC_NO_COMMON_BLOCKS = YES;
				GCC_OPTIMIZATION_LEVEL = 0;
				GCC_PREPROCESSOR_DEFINITIONS = (
					"DEBUG=1",
					"$(inherited)",
				);
				GCC_WARN_64_TO_32_BIT_CONVERSION = YES;
				GCC_WARN_ABOUT_RETURN_TYPE = YES_ERROR;
				GCC_WARN_UNDECLARED_SELECTOR = YES;
				GCC_WARN_UNINITIALIZED_AUTOS = YES_AGGRESSIVE;
				GCC_WARN_UNUSED_FUNCTION = YES;
				GCC_WARN_UNUSED_VARIABLE = YES;
				IPHONEOS_DEPLOYMENT_TARGET = 9.1;
				MTL_ENABLE_DEBUG_INFO = YES;
				ONLY_ACTIVE_ARCH = YES;
				SDKROOT = iphoneos;
				TARGETED_DEVICE_FAMILY = "1,2";
			};
			name = Debug;
		};
		66C68CC71C0DDC390048D6A0 /* Release */ = {
			isa = XCBuildConfiguration;
			buildSettings = {
				ALWAYS_SEARCH_USER_PATHS = NO;
				CLANG_CXX_LANGUAGE_STANDARD = "gnu++0x";
				CLANG_CXX_LIBRARY = "libc++";
				CLANG_ENABLE_MODULES = YES;
				CLANG_ENABLE_OBJC_ARC = YES;
				CLANG_WARN_BOOL_CONVERSION = YES;
				CLANG_WARN_CONSTANT_CONVERSION = YES;
				CLANG_WARN_DIRECT_OBJC_ISA_USAGE = YES_ERROR;
				CLANG_WARN_EMPTY_BODY = YES;
				CLANG_WARN_ENUM_CONVERSION = YES;
				CLANG_WARN_INT_CONVERSION = YES;
				CLANG_WARN_OBJC_ROOT_CLASS = YES_ERROR;
				CLANG_WARN_UNREACHABLE_CODE = YES;
				CLANG_WARN__DUPLICATE_METHOD_MATCH = YES;
				"CODE_SIGN_IDENTITY[sdk=iphoneos*]" = "iPhone Developer";
				COPY_PHASE_STRIP = NO;
				DEBUG_INFORMATION_FORMAT = "dwarf-with-dsym";
				ENABLE_NS_ASSERTIONS = NO;
				ENABLE_STRICT_OBJC_MSGSEND = YES;
				GCC_C_LANGUAGE_STANDARD = gnu99;
				GCC_NO_COMMON_BLOCKS = YES;
				GCC_WARN_64_TO_32_BIT_CONVERSION = YES;
				GCC_WARN_ABOUT_RETURN_TYPE = YES_ERROR;
				GCC_WARN_UNDECLARED_SELECTOR = YES;
				GCC_WARN_UNINITIALIZED_AUTOS = YES_AGGRESSIVE;
				GCC_WARN_UNUSED_FUNCTION = YES;
				GCC_WARN_UNUSED_VARIABLE = YES;
				IPHONEOS_DEPLOYMENT_TARGET = 9.1;
				MTL_ENABLE_DEBUG_INFO = NO;
				SDKROOT = iphoneos;
				TARGETED_DEVICE_FAMILY = "1,2";
				VALIDATE_PRODUCT = YES;
			};
			name = Release;
		};
		66C68CC91C0DDC390048D6A0 /* Debug */ = {
			isa = XCBuildConfiguration;
			buildSettings = {
				ASSETCATALOG_COMPILER_APPICON_NAME = AppIcon;
				CODE_SIGN_IDENTITY = "iPhone Developer";
				"CODE_SIGN_IDENTITY[sdk=iphoneos*]" = "iPhone Developer";
				ENABLE_BITCODE = NO;
				FRAMEWORK_SEARCH_PATHS = (
					"$(PROJECT_DIR)/../",
					"$(PROJECT_DIR)/GaussianMixtureModels",
				);
				GCC_PRECOMPILE_PREFIX_HEADER = YES;
				GCC_PREFIX_HEADER = "$(PROJECT_DIR)/GaussianMixtureModels/PrefixHeader.h";
				HEADER_SEARCH_PATHS = "$(PROJECT_DIR)/../";
				INFOPLIST_FILE = GaussianMixtureModels/Info.plist;
				LD_RUNPATH_SEARCH_PATHS = "$(inherited) @executable_path/Frameworks";
				PRODUCT_BUNDLE_IDENTIFIER = com.randomdudes.GaussianMixtureModels;
				PRODUCT_NAME = "$(TARGET_NAME)";
				PROVISIONING_PROFILE = "";
			};
			name = Debug;
		};
		66C68CCA1C0DDC390048D6A0 /* Release */ = {
			isa = XCBuildConfiguration;
			buildSettings = {
				ASSETCATALOG_COMPILER_APPICON_NAME = AppIcon;
				CODE_SIGN_IDENTITY = "iPhone Developer";
				"CODE_SIGN_IDENTITY[sdk=iphoneos*]" = "iPhone Developer";
				ENABLE_BITCODE = NO;
				FRAMEWORK_SEARCH_PATHS = (
					"$(PROJECT_DIR)/../",
					"$(PROJECT_DIR)/GaussianMixtureModels",
				);
				GCC_PRECOMPILE_PREFIX_HEADER = YES;
				GCC_PREFIX_HEADER = "$(PROJECT_DIR)/GaussianMixtureModels/PrefixHeader.h";
				HEADER_SEARCH_PATHS = "$(PROJECT_DIR)/../";
				INFOPLIST_FILE = GaussianMixtureModels/Info.plist;
				LD_RUNPATH_SEARCH_PATHS = "$(inherited) @executable_path/Frameworks";
				PRODUCT_BUNDLE_IDENTIFIER = com.randomdudes.GaussianMixtureModels;
				PRODUCT_NAME = "$(TARGET_NAME)";
				PROVISIONING_PROFILE = "";
			};
			name = Release;
		};
		66C68CCC1C0DDC390048D6A0 /* Debug */ = {
			isa = XCBuildConfiguration;
			buildSettings = {
				BUNDLE_LOADER = "$(TEST_HOST)";
				INFOPLIST_FILE = GaussianMixtureModelsTests/Info.plist;
				LD_RUNPATH_SEARCH_PATHS = "$(inherited) @executable_path/Frameworks @loader_path/Frameworks";
				PRODUCT_BUNDLE_IDENTIFIER = com.randomdudes.GaussianMixtureModelsTests;
				PRODUCT_NAME = "$(TARGET_NAME)";
				TEST_HOST = "$(BUILT_PRODUCTS_DIR)/GaussianMixtureModels.app/GaussianMixtureModels";
			};
			name = Debug;
		};
		66C68CCD1C0DDC390048D6A0 /* Release */ = {
			isa = XCBuildConfiguration;
			buildSettings = {
				BUNDLE_LOADER = "$(TEST_HOST)";
				INFOPLIST_FILE = GaussianMixtureModelsTests/Info.plist;
				LD_RUNPATH_SEARCH_PATHS = "$(inherited) @executable_path/Frameworks @loader_path/Frameworks";
				PRODUCT_BUNDLE_IDENTIFIER = com.randomdudes.GaussianMixtureModelsTests;
				PRODUCT_NAME = "$(TARGET_NAME)";
				TEST_HOST = "$(BUILT_PRODUCTS_DIR)/GaussianMixtureModels.app/GaussianMixtureModels";
			};
			name = Release;
		};
		66C68CCF1C0DDC390048D6A0 /* Debug */ = {
			isa = XCBuildConfiguration;
			buildSettings = {
				INFOPLIST_FILE = GaussianMixtureModelsUITests/Info.plist;
				LD_RUNPATH_SEARCH_PATHS = "$(inherited) @executable_path/Frameworks @loader_path/Frameworks";
				PRODUCT_BUNDLE_IDENTIFIER = com.randomdudes.GaussianMixtureModelsUITests;
				PRODUCT_NAME = "$(TARGET_NAME)";
				TEST_TARGET_NAME = GaussianMixtureModels;
				USES_XCTRUNNER = YES;
			};
			name = Debug;
		};
		66C68CD01C0DDC390048D6A0 /* Release */ = {
			isa = XCBuildConfiguration;
			buildSettings = {
				INFOPLIST_FILE = GaussianMixtureModelsUITests/Info.plist;
				LD_RUNPATH_SEARCH_PATHS = "$(inherited) @executable_path/Frameworks @loader_path/Frameworks";
				PRODUCT_BUNDLE_IDENTIFIER = com.randomdudes.GaussianMixtureModelsUITests;
				PRODUCT_NAME = "$(TARGET_NAME)";
				TEST_TARGET_NAME = GaussianMixtureModels;
				USES_XCTRUNNER = YES;
			};
			name = Release;
		};
/* End XCBuildConfiguration section */

/* Begin XCConfigurationList section */
		66C68C961C0DDC390048D6A0 /* Build configuration list for PBXProject "GaussianMixtureModels" */ = {
			isa = XCConfigurationList;
			buildConfigurations = (
				66C68CC61C0DDC390048D6A0 /* Debug */,
				66C68CC71C0DDC390048D6A0 /* Release */,
			);
			defaultConfigurationIsVisible = 0;
			defaultConfigurationName = Release;
		};
		66C68CC81C0DDC390048D6A0 /* Build configuration list for PBXNativeTarget "GaussianMixtureModels" */ = {
			isa = XCConfigurationList;
			buildConfigurations = (
				66C68CC91C0DDC390048D6A0 /* Debug */,
				66C68CCA1C0DDC390048D6A0 /* Release */,
			);
			defaultConfigurationIsVisible = 0;
			defaultConfigurationName = Release;
		};
		66C68CCB1C0DDC390048D6A0 /* Build configuration list for PBXNativeTarget "GaussianMixtureModelsTests" */ = {
			isa = XCConfigurationList;
			buildConfigurations = (
				66C68CCC1C0DDC390048D6A0 /* Debug */,
				66C68CCD1C0DDC390048D6A0 /* Release */,
			);
			defaultConfigurationIsVisible = 0;
			defaultConfigurationName = Release;
		};
		66C68CCE1C0DDC390048D6A0 /* Build configuration list for PBXNativeTarget "GaussianMixtureModelsUITests" */ = {
			isa = XCConfigurationList;
			buildConfigurations = (
				66C68CCF1C0DDC390048D6A0 /* Debug */,
				66C68CD01C0DDC390048D6A0 /* Release */,
			);
			defaultConfigurationIsVisible = 0;
			defaultConfigurationName = Release;
		};
/* End XCConfigurationList section */
	};
	rootObject = 66C68C931C0DDC390048D6A0 /* Project object */;
}
